
Microsoft Visual Studio Solution File, Format Version 12.00
# Visual Studio Version 17
VisualStudioVersion = 17.5.002.0
MinimumVisualStudioVersion = 10.0.40219.1
Project("{9A19103F-16F7-4668-BE54-9A1E7A4F7556}") = "api", "api\api.csproj", "{13349BC2-4FE5-43FE-B940-3BD866DB5E75}"
EndProject
Global
	GlobalSection(SolutionConfigurationPlatforms) = preSolution
		Debug|Any CPU = Debug|Any CPU
		Release|Any CPU = Release|Any CPU
	EndGlobalSection
	GlobalSection(ProjectConfigurationPlatforms) = postSolution
		{13349BC2-4FE5-43FE-B940-3BD866DB5E75}.Debug|Any CPU.ActiveCfg = Debug|Any CPU
		{13349BC2-4FE5-43FE-B940-3BD866DB5E75}.Debug|Any CPU.Build.0 = Debug|Any CPU
		{13349BC2-4FE5-43FE-B940-3BD866DB5E75}.Release|Any CPU.ActiveCfg = Release|Any CPU
		{13349BC2-4FE5-43FE-B940-3BD866DB5E75}.Release|Any CPU.Build.0 = Release|Any CPU
	EndGlobalSection
	GlobalSection(SolutionProperties) = preSolution
		HideSolutionNode = FALSE
	EndGlobalSection
	GlobalSection(ExtensibilityGlobals) = postSolution
		SolutionGuid = {6693581F-AD77-4A62-9D31-0AAA863BFBE1}
	EndGlobalSection
EndGlobal
